
Microsoft Visual Studio Solution File, Format Version 12.00
# Visual Studio Version 17
VisualStudioVersion = 17.5.33502.453
MinimumVisualStudioVersion = 10.0.40219.1
Project("{38AFDC62-BB9A-4022-85DA-B5180FB7B436}") = "hud", "hudProject\hud.csproj", "{0B149587-7CFE-4121-A959-6B78BB8FEC9F}"
EndProject
Global
	GlobalSection(SolutionConfigurationPlatforms) = preSolution
		Debug|Any CPU = Debug|Any CPU
		Release|Any CPU = Release|Any CPU
	EndGlobalSection
	GlobalSection(ProjectConfigurationPlatforms) = postSolution
		{0B149587-7CFE-4121-A959-6B78BB8FEC9F}.Debug|Any CPU.ActiveCfg = Debug|Any CPU
		{0B149587-7CFE-4121-A959-6B78BB8FEC9F}.Debug|Any CPU.Build.0 = Debug|Any CPU
		{0B149587-7CFE-4121-A959-6B78BB8FEC9F}.Release|Any CPU.ActiveCfg = Release|Any CPU
		{0B149587-7CFE-4121-A959-6B78BB8FEC9F}.Release|Any CPU.Build.0 = Release|Any CPU
	EndGlobalSection
	GlobalSection(SolutionProperties) = preSolution
		HideSolutionNode = FALSE
	EndGlobalSection
	GlobalSection(ExtensibilityGlobals) = postSolution
		SolutionGuid = {D19464F7-23B5-4A37-B28B-4A8DE483BB9A}
	EndGlobalSection
EndGlobal
